
Microsoft Visual Studio Solution File, Format Version 12.00
# Visual Studio Version 17
VisualStudioVersion = 17.3.32929.385
MinimumVisualStudioVersion = 10.0.40219.1
Project("{FAE04EC0-301F-11D3-BF4B-00C04F79EFBC}") = "Module13-2", "Module13-2.csproj", "{C2852F12-5276-4F47-9D60-B3F8B059B0BB}"
EndProject
Global
	GlobalSection(SolutionConfigurationPlatforms) = preSolution
		Debug|Any CPU = Debug|Any CPU
		Release|Any CPU = Release|Any CPU
	EndGlobalSection
	GlobalSection(ProjectConfigurationPlatforms) = postSolution
		{C2852F12-5276-4F47-9D60-B3F8B059B0BB}.Debug|Any CPU.ActiveCfg = Debug|Any CPU
		{C2852F12-5276-4F47-9D60-B3F8B059B0BB}.Debug|Any CPU.Build.0 = Debug|Any CPU
		{C2852F12-5276-4F47-9D60-B3F8B059B0BB}.Release|Any CPU.ActiveCfg = Release|Any CPU
		{C2852F12-5276-4F47-9D60-B3F8B059B0BB}.Release|Any CPU.Build.0 = Release|Any CPU
	EndGlobalSection
	GlobalSection(SolutionProperties) = preSolution
		HideSolutionNode = FALSE
	EndGlobalSection
	GlobalSection(ExtensibilityGlobals) = postSolution
		SolutionGuid = {6320CAC0-4842-4353-83F7-72DB93E92EFE}
	EndGlobalSection
EndGlobal
